// !$*UTF8*$!
{
	archiveVersion = 1;
	classes = {
	};
	objectVersion = 56;
	objects = {

/* Begin PBXBuildFile section */
		E50B032929B1D285007B5E41 /* AppDelegate.swift in Sources */ = {isa = PBXBuildFile; fileRef = E50B032829B1D285007B5E41 /* AppDelegate.swift */; };
		E50B032B29B1D285007B5E41 /* SceneDelegate.swift in Sources */ = {isa = PBXBuildFile; fileRef = E50B032A29B1D285007B5E41 /* SceneDelegate.swift */; };
		E50B032D29B1D285007B5E41 /* ViewController.swift in Sources */ = {isa = PBXBuildFile; fileRef = E50B032C29B1D285007B5E41 /* ViewController.swift */; };
		E50B033029B1D285007B5E41 /* Main.storyboard in Resources */ = {isa = PBXBuildFile; fileRef = E50B032E29B1D285007B5E41 /* Main.storyboard */; };
		E50B033229B1D286007B5E41 /* Assets.xcassets in Resources */ = {isa = PBXBuildFile; fileRef = E50B033129B1D286007B5E41 /* Assets.xcassets */; };
		E50B033529B1D286007B5E41 /* LaunchScreen.storyboard in Resources */ = {isa = PBXBuildFile; fileRef = E50B033329B1D286007B5E41 /* LaunchScreen.storyboard */; };
		E50B034029B1D286007B5E41 /* RequiredPropertyTests.swift in Sources */ = {isa = PBXBuildFile; fileRef = E50B033F29B1D286007B5E41 /* RequiredPropertyTests.swift */; };
		E50B034A29B1D286007B5E41 /* RequiredPropertyUITests.swift in Sources */ = {isa = PBXBuildFile; fileRef = E50B034929B1D286007B5E41 /* RequiredPropertyUITests.swift */; };
		E50B034C29B1D286007B5E41 /* RequiredPropertyUITestsLaunchTests.swift in Sources */ = {isa = PBXBuildFile; fileRef = E50B034B29B1D286007B5E41 /* RequiredPropertyUITestsLaunchTests.swift */; };
		E50B035A29B1D2AD007B5E41 /* RequiredProperty.swift in Sources */ = {isa = PBXBuildFile; fileRef = E50B035929B1D2AD007B5E41 /* RequiredProperty.swift */; };
		E50B035B29B1D2BF007B5E41 /* RequiredProperty.swift in Sources */ = {isa = PBXBuildFile; fileRef = E50B035929B1D2AD007B5E41 /* RequiredProperty.swift */; };
		E50B035E29B59384007B5E41 /* A.swift in Sources */ = {isa = PBXBuildFile; fileRef = E50B035D29B59384007B5E41 /* A.swift */; };
		E50B036029B5938B007B5E41 /* B.swift in Sources */ = {isa = PBXBuildFile; fileRef = E50B035F29B5938B007B5E41 /* B.swift */; };
		E50B036229B5A6BF007B5E41 /* RequiredPropertyChecker.swift in Sources */ = {isa = PBXBuildFile; fileRef = E50B036129B5A6BF007B5E41 /* RequiredPropertyChecker.swift */; };
		E50B036429B5C12E007B5E41 /* C.swift in Sources */ = {isa = PBXBuildFile; fileRef = E50B036329B5C12E007B5E41 /* C.swift */; };
		E50B036529B5C832007B5E41 /* RequiredPropertyChecker.swift in Sources */ = {isa = PBXBuildFile; fileRef = E50B036129B5A6BF007B5E41 /* RequiredPropertyChecker.swift */; };
/* End PBXBuildFile section */

/* Begin PBXContainerItemProxy section */
		E50B033C29B1D286007B5E41 /* PBXContainerItemProxy */ = {
			isa = PBXContainerItemProxy;
			containerPortal = E50B031D29B1D285007B5E41 /* Project object */;
			proxyType = 1;
			remoteGlobalIDString = E50B032429B1D285007B5E41;
			remoteInfo = RequiredProperty;
		};
		E50B034629B1D286007B5E41 /* PBXContainerItemProxy */ = {
			isa = PBXContainerItemProxy;
			containerPortal = E50B031D29B1D285007B5E41 /* Project object */;
			proxyType = 1;
			remoteGlobalIDString = E50B032429B1D285007B5E41;
			remoteInfo = RequiredProperty;
		};
/* End PBXContainerItemProxy section */

/* Begin PBXFileReference section */
		E50B032529B1D285007B5E41 /* RequiredProperty.app */ = {isa = PBXFileReference; explicitFileType = wrapper.application; includeInIndex = 0; path = RequiredProperty.app; sourceTree = BUILT_PRODUCTS_DIR; };
		E50B032829B1D285007B5E41 /* AppDelegate.swift */ = {isa = PBXFileReference; lastKnownFileType = sourcecode.swift; path = AppDelegate.swift; sourceTree = "<group>"; };
		E50B032A29B1D285007B5E41 /* SceneDelegate.swift */ = {isa = PBXFileReference; lastKnownFileType = sourcecode.swift; path = SceneDelegate.swift; sourceTree = "<group>"; };
		E50B032C29B1D285007B5E41 /* ViewController.swift */ = {isa = PBXFileReference; lastKnownFileType = sourcecode.swift; path = ViewController.swift; sourceTree = "<group>"; };
		E50B032F29B1D285007B5E41 /* Base */ = {isa = PBXFileReference; lastKnownFileType = file.storyboard; name = Base; path = Base.lproj/Main.storyboard; sourceTree = "<group>"; };
		E50B033129B1D286007B5E41 /* Assets.xcassets */ = {isa = PBXFileReference; lastKnownFileType = folder.assetcatalog; path = Assets.xcassets; sourceTree = "<group>"; };
		E50B033429B1D286007B5E41 /* Base */ = {isa = PBXFileReference; lastKnownFileType = file.storyboard; name = Base; path = Base.lproj/LaunchScreen.storyboard; sourceTree = "<group>"; };
		E50B033629B1D286007B5E41 /* Info.plist */ = {isa = PBXFileReference; lastKnownFileType = text.plist.xml; path = Info.plist; sourceTree = "<group>"; };
		E50B033B29B1D286007B5E41 /* RequiredPropertyTests.xctest */ = {isa = PBXFileReference; explicitFileType = wrapper.cfbundle; includeInIndex = 0; path = RequiredPropertyTests.xctest; sourceTree = BUILT_PRODUCTS_DIR; };
		E50B033F29B1D286007B5E41 /* RequiredPropertyTests.swift */ = {isa = PBXFileReference; lastKnownFileType = sourcecode.swift; path = RequiredPropertyTests.swift; sourceTree = "<group>"; };
		E50B034529B1D286007B5E41 /* RequiredPropertyUITests.xctest */ = {isa = PBXFileReference; explicitFileType = wrapper.cfbundle; includeInIndex = 0; path = RequiredPropertyUITests.xctest; sourceTree = BUILT_PRODUCTS_DIR; };
		E50B034929B1D286007B5E41 /* RequiredPropertyUITests.swift */ = {isa = PBXFileReference; lastKnownFileType = sourcecode.swift; path = RequiredPropertyUITests.swift; sourceTree = "<group>"; };
		E50B034B29B1D286007B5E41 /* RequiredPropertyUITestsLaunchTests.swift */ = {isa = PBXFileReference; lastKnownFileType = sourcecode.swift; path = RequiredPropertyUITestsLaunchTests.swift; sourceTree = "<group>"; };
		E50B035929B1D2AD007B5E41 /* RequiredProperty.swift */ = {isa = PBXFileReference; lastKnownFileType = sourcecode.swift; path = RequiredProperty.swift; sourceTree = "<group>"; };
		E50B035D29B59384007B5E41 /* A.swift */ = {isa = PBXFileReference; lastKnownFileType = sourcecode.swift; path = A.swift; sourceTree = "<group>"; };
		E50B035F29B5938B007B5E41 /* B.swift */ = {isa = PBXFileReference; lastKnownFileType = sourcecode.swift; path = B.swift; sourceTree = "<group>"; };
		E50B036129B5A6BF007B5E41 /* RequiredPropertyChecker.swift */ = {isa = PBXFileReference; explicitFileType = sourcecode.swift; path = RequiredPropertyChecker.swift; sourceTree = "<group>"; };
		E50B036329B5C12E007B5E41 /* C.swift */ = {isa = PBXFileReference; lastKnownFileType = sourcecode.swift; path = C.swift; sourceTree = "<group>"; };
/* End PBXFileReference section */

/* Begin PBXFrameworksBuildPhase section */
		E50B032229B1D285007B5E41 /* Frameworks */ = {
			isa = PBXFrameworksBuildPhase;
			buildActionMask = 2147483647;
			files = (
			);
			runOnlyForDeploymentPostprocessing = 0;
		};
		E50B033829B1D286007B5E41 /* Frameworks */ = {
			isa = PBXFrameworksBuildPhase;
			buildActionMask = 2147483647;
			files = (
			);
			runOnlyForDeploymentPostprocessing = 0;
		};
		E50B034229B1D286007B5E41 /* Frameworks */ = {
			isa = PBXFrameworksBuildPhase;
			buildActionMask = 2147483647;
			files = (
			);
			runOnlyForDeploymentPostprocessing = 0;
		};
/* End PBXFrameworksBuildPhase section */

/* Begin PBXGroup section */
		E50B031C29B1D285007B5E41 = {
			isa = PBXGroup;
			children = (
				E50B032729B1D285007B5E41 /* RequiredProperty */,
				E50B033E29B1D286007B5E41 /* RequiredPropertyTests */,
				E50B034829B1D286007B5E41 /* RequiredPropertyUITests */,
				E50B032629B1D285007B5E41 /* Products */,
			);
			sourceTree = "<group>";
		};
		E50B032629B1D285007B5E41 /* Products */ = {
			isa = PBXGroup;
			children = (
				E50B032529B1D285007B5E41 /* RequiredProperty.app */,
				E50B033B29B1D286007B5E41 /* RequiredPropertyTests.xctest */,
				E50B034529B1D286007B5E41 /* RequiredPropertyUITests.xctest */,
			);
			name = Products;
			sourceTree = "<group>";
		};
		E50B032729B1D285007B5E41 /* RequiredProperty */ = {
			isa = PBXGroup;
			children = (
				E50B032829B1D285007B5E41 /* AppDelegate.swift */,
				E50B032A29B1D285007B5E41 /* SceneDelegate.swift */,
				E50B032C29B1D285007B5E41 /* ViewController.swift */,
				E50B035829B1D28C007B5E41 /* RequiredProperty */,
				E50B032E29B1D285007B5E41 /* Main.storyboard */,
				E50B033129B1D286007B5E41 /* Assets.xcassets */,
				E50B033329B1D286007B5E41 /* LaunchScreen.storyboard */,
				E50B033629B1D286007B5E41 /* Info.plist */,
			);
			path = RequiredProperty;
			sourceTree = "<group>";
		};
		E50B033E29B1D286007B5E41 /* RequiredPropertyTests */ = {
			isa = PBXGroup;
			children = (
				E50B033F29B1D286007B5E41 /* RequiredPropertyTests.swift */,
			);
			path = RequiredPropertyTests;
			sourceTree = "<group>";
		};
		E50B034829B1D286007B5E41 /* RequiredPropertyUITests */ = {
			isa = PBXGroup;
			children = (
				E50B034929B1D286007B5E41 /* RequiredPropertyUITests.swift */,
				E50B034B29B1D286007B5E41 /* RequiredPropertyUITestsLaunchTests.swift */,
			);
			path = RequiredPropertyUITests;
			sourceTree = "<group>";
		};
		E50B035829B1D28C007B5E41 /* RequiredProperty */ = {
			isa = PBXGroup;
			children = (
				E50B035929B1D2AD007B5E41 /* RequiredProperty.swift */,
				E50B036129B5A6BF007B5E41 /* RequiredPropertyChecker.swift */,
				E50B035D29B59384007B5E41 /* A.swift */,
				E50B035F29B5938B007B5E41 /* B.swift */,
				E50B036329B5C12E007B5E41 /* C.swift */,
			);
			path = RequiredProperty;
			sourceTree = "<group>";
		};
/* End PBXGroup section */

/* Begin PBXNativeTarget section */
		E50B032429B1D285007B5E41 /* RequiredProperty */ = {
			isa = PBXNativeTarget;
			buildConfigurationList = E50B034F29B1D286007B5E41 /* Build configuration list for PBXNativeTarget "RequiredProperty" */;
			buildPhases = (
				E50B032129B1D285007B5E41 /* Sources */,
				E50B032229B1D285007B5E41 /* Frameworks */,
				E50B032329B1D285007B5E41 /* Resources */,
			);
			buildRules = (
			);
			dependencies = (
			);
			name = RequiredProperty;
			productName = RequiredProperty;
			productReference = E50B032529B1D285007B5E41 /* RequiredProperty.app */;
			productType = "com.apple.product-type.application";
		};
		E50B033A29B1D286007B5E41 /* RequiredPropertyTests */ = {
			isa = PBXNativeTarget;
			buildConfigurationList = E50B035229B1D286007B5E41 /* Build configuration list for PBXNativeTarget "RequiredPropertyTests" */;
			buildPhases = (
				E50B033729B1D286007B5E41 /* Sources */,
				E50B033829B1D286007B5E41 /* Frameworks */,
				E50B033929B1D286007B5E41 /* Resources */,
			);
			buildRules = (
			);
			dependencies = (
				E50B033D29B1D286007B5E41 /* PBXTargetDependency */,
			);
			name = RequiredPropertyTests;
			productName = RequiredPropertyTests;
			productReference = E50B033B29B1D286007B5E41 /* RequiredPropertyTests.xctest */;
			productType = "com.apple.product-type.bundle.unit-test";
		};
		E50B034429B1D286007B5E41 /* RequiredPropertyUITests */ = {
			isa = PBXNativeTarget;
			buildConfigurationList = E50B035529B1D286007B5E41 /* Build configuration list for PBXNativeTarget "RequiredPropertyUITests" */;
			buildPhases = (
				E50B034129B1D286007B5E41 /* Sources */,
				E50B034229B1D286007B5E41 /* Frameworks */,
				E50B034329B1D286007B5E41 /* Resources */,
			);
			buildRules = (
			);
			dependencies = (
				E50B034729B1D286007B5E41 /* PBXTargetDependency */,
			);
			name = RequiredPropertyUITests;
			productName = RequiredPropertyUITests;
			productReference = E50B034529B1D286007B5E41 /* RequiredPropertyUITests.xctest */;
			productType = "com.apple.product-type.bundle.ui-testing";
		};
/* End PBXNativeTarget section */

/* Begin PBXProject section */
		E50B031D29B1D285007B5E41 /* Project object */ = {
			isa = PBXProject;
			attributes = {
				BuildIndependentTargetsInParallel = 1;
				LastSwiftUpdateCheck = 1420;
				LastUpgradeCheck = 1420;
				TargetAttributes = {
					E50B032429B1D285007B5E41 = {
						CreatedOnToolsVersion = 14.2;
					};
					E50B033A29B1D286007B5E41 = {
						CreatedOnToolsVersion = 14.2;
						TestTargetID = E50B032429B1D285007B5E41;
					};
					E50B034429B1D286007B5E41 = {
						CreatedOnToolsVersion = 14.2;
						TestTargetID = E50B032429B1D285007B5E41;
					};
				};
			};
			buildConfigurationList = E50B032029B1D285007B5E41 /* Build configuration list for PBXProject "RequiredProperty" */;
			compatibilityVersion = "Xcode 14.0";
			developmentRegion = en;
			hasScannedForEncodings = 0;
			knownRegions = (
				en,
				Base,
			);
			mainGroup = E50B031C29B1D285007B5E41;
			productRefGroup = E50B032629B1D285007B5E41 /* Products */;
			projectDirPath = "";
			projectRoot = "";
			targets = (
				E50B032429B1D285007B5E41 /* RequiredProperty */,
				E50B033A29B1D286007B5E41 /* RequiredPropertyTests */,
				E50B034429B1D286007B5E41 /* RequiredPropertyUITests */,
			);
		};
/* End PBXProject section */

/* Begin PBXResourcesBuildPhase section */
		E50B032329B1D285007B5E41 /* Resources */ = {
			isa = PBXResourcesBuildPhase;
			buildActionMask = 2147483647;
			files = (
				E50B033529B1D286007B5E41 /* LaunchScreen.storyboard in Resources */,
				E50B033229B1D286007B5E41 /* Assets.xcassets in Resources */,
				E50B033029B1D285007B5E41 /* Main.storyboard in Resources */,
			);
			runOnlyForDeploymentPostprocessing = 0;
		};
		E50B033929B1D286007B5E41 /* Resources */ = {
			isa = PBXResourcesBuildPhase;
			buildActionMask = 2147483647;
			files = (
			);
			runOnlyForDeploymentPostprocessing = 0;
		};
		E50B034329B1D286007B5E41 /* Resources */ = {
			isa = PBXResourcesBuildPhase;
			buildActionMask = 2147483647;
			files = (
			);
			runOnlyForDeploymentPostprocessing = 0;
		};
/* End PBXResourcesBuildPhase section */

/* Begin PBXSourcesBuildPhase section */
		E50B032129B1D285007B5E41 /* Sources */ = {
			isa = PBXSourcesBuildPhase;
			buildActionMask = 2147483647;
			files = (
				E50B036029B5938B007B5E41 /* B.swift in Sources */,
				E50B036229B5A6BF007B5E41 /* RequiredPropertyChecker.swift in Sources */,
				E50B032D29B1D285007B5E41 /* ViewController.swift in Sources */,
				E50B035E29B59384007B5E41 /* A.swift in Sources */,
				E50B032929B1D285007B5E41 /* AppDelegate.swift in Sources */,
				E50B036429B5C12E007B5E41 /* C.swift in Sources */,
				E50B032B29B1D285007B5E41 /* SceneDelegate.swift in Sources */,
				E50B035A29B1D2AD007B5E41 /* RequiredProperty.swift in Sources */,
			);
			runOnlyForDeploymentPostprocessing = 0;
		};
		E50B033729B1D286007B5E41 /* Sources */ = {
			isa = PBXSourcesBuildPhase;
			buildActionMask = 2147483647;
			files = (
				E50B034029B1D286007B5E41 /* RequiredPropertyTests.swift in Sources */,
				E50B035B29B1D2BF007B5E41 /* RequiredProperty.swift in Sources */,
				E50B036529B5C832007B5E41 /* RequiredPropertyChecker.swift in Sources */,
			);
			runOnlyForDeploymentPostprocessing = 0;
		};
		E50B034129B1D286007B5E41 /* Sources */ = {
			isa = PBXSourcesBuildPhase;
			buildActionMask = 2147483647;
			files = (
				E50B034C29B1D286007B5E41 /* RequiredPropertyUITestsLaunchTests.swift in Sources */,
				E50B034A29B1D286007B5E41 /* RequiredPropertyUITests.swift in Sources */,
			);
			runOnlyForDeploymentPostprocessing = 0;
		};
/* End PBXSourcesBuildPhase section */

/* Begin PBXTargetDependency section */
		E50B033D29B1D286007B5E41 /* PBXTargetDependency */ = {
			isa = PBXTargetDependency;
			target = E50B032429B1D285007B5E41 /* RequiredProperty */;
			targetProxy = E50B033C29B1D286007B5E41 /* PBXContainerItemProxy */;
		};
		E50B034729B1D286007B5E41 /* PBXTargetDependency */ = {
			isa = PBXTargetDependency;
			target = E50B032429B1D285007B5E41 /* RequiredProperty */;
			targetProxy = E50B034629B1D286007B5E41 /* PBXContainerItemProxy */;
		};
/* End PBXTargetDependency section */

/* Begin PBXVariantGroup section */
		E50B032E29B1D285007B5E41 /* Main.storyboard */ = {
			isa = PBXVariantGroup;
			children = (
				E50B032F29B1D285007B5E41 /* Base */,
			);
			name = Main.storyboard;
			sourceTree = "<group>";
		};
		E50B033329B1D286007B5E41 /* LaunchScreen.storyboard */ = {
			isa = PBXVariantGroup;
			children = (
				E50B033429B1D286007B5E41 /* Base */,
			);
			name = LaunchScreen.storyboard;
			sourceTree = "<group>";
		};
/* End PBXVariantGroup section */

/* Begin XCBuildConfiguration section */
		E50B034D29B1D286007B5E41 /* Debug */ = {
			isa = XCBuildConfiguration;
			buildSettings = {
				ALWAYS_SEARCH_USER_PATHS = NO;
				CLANG_ANALYZER_NONNULL = YES;
				CLANG_ANALYZER_NUMBER_OBJECT_CONVERSION = YES_AGGRESSIVE;
				CLANG_CXX_LANGUAGE_STANDARD = "gnu++20";
				CLANG_ENABLE_MODULES = YES;
				CLANG_ENABLE_OBJC_ARC = YES;
				CLANG_ENABLE_OBJC_WEAK = YES;
				CLANG_WARN_BLOCK_CAPTURE_AUTORELEASING = YES;
				CLANG_WARN_BOOL_CONVERSION = YES;
				CLANG_WARN_COMMA = YES;
				CLANG_WARN_CONSTANT_CONVERSION = YES;
				CLANG_WARN_DEPRECATED_OBJC_IMPLEMENTATIONS = YES;
				CLANG_WARN_DIRECT_OBJC_ISA_USAGE = YES_ERROR;
				CLANG_WARN_DOCUMENTATION_COMMENTS = YES;
				CLANG_WARN_EMPTY_BODY = YES;
				CLANG_WARN_ENUM_CONVERSION = YES;
				CLANG_WARN_INFINITE_RECURSION = YES;
				CLANG_WARN_INT_CONVERSION = YES;
				CLANG_WARN_NON_LITERAL_NULL_CONVERSION = YES;
				CLANG_WARN_OBJC_IMPLICIT_RETAIN_SELF = YES;
				CLANG_WARN_OBJC_LITERAL_CONVERSION = YES;
				CLANG_WARN_OBJC_ROOT_CLASS = YES_ERROR;
				CLANG_WARN_QUOTED_INCLUDE_IN_FRAMEWORK_HEADER = YES;
				CLANG_WARN_RANGE_LOOP_ANALYSIS = YES;
				CLANG_WARN_STRICT_PROTOTYPES = YES;
				CLANG_WARN_SUSPICIOUS_MOVE = YES;
				CLANG_WARN_UNGUARDED_AVAILABILITY = YES_AGGRESSIVE;
				CLANG_WARN_UNREACHABLE_CODE = YES;
				CLANG_WARN__DUPLICATE_METHOD_MATCH = YES;
				COPY_PHASE_STRIP = NO;
				DEBUG_INFORMATION_FORMAT = dwarf;
				ENABLE_STRICT_OBJC_MSGSEND = YES;
				ENABLE_TESTABILITY = YES;
				GCC_C_LANGUAGE_STANDARD = gnu11;
				GCC_DYNAMIC_NO_PIC = NO;
				GCC_NO_COMMON_BLOCKS = YES;
				GCC_OPTIMIZATION_LEVEL = 0;
				GCC_PREPROCESSOR_DEFINITIONS = (
					"DEBUG=1",
					"$(inherited)",
				);
				GCC_WARN_64_TO_32_BIT_CONVERSION = YES;
				GCC_WARN_ABOUT_RETURN_TYPE = YES_ERROR;
				GCC_WARN_UNDECLARED_SELECTOR = YES;
				GCC_WARN_UNINITIALIZED_AUTOS = YES_AGGRESSIVE;
				GCC_WARN_UNUSED_FUNCTION = YES;
				GCC_WARN_UNUSED_VARIABLE = YES;
				IPHONEOS_DEPLOYMENT_TARGET = 16.2;
				MTL_ENABLE_DEBUG_INFO = INCLUDE_SOURCE;
				MTL_FAST_MATH = YES;
				ONLY_ACTIVE_ARCH = YES;
				SDKROOT = iphoneos;
				SWIFT_ACTIVE_COMPILATION_CONDITIONS = DEBUG;
				SWIFT_OPTIMIZATION_LEVEL = "-Onone";
			};
			name = Debug;
		};
		E50B034E29B1D286007B5E41 /* Release */ = {
			isa = XCBuildConfiguration;
			buildSettings = {
				ALWAYS_SEARCH_USER_PATHS = NO;
				CLANG_ANALYZER_NONNULL = YES;
				CLANG_ANALYZER_NUMBER_OBJECT_CONVERSION = YES_AGGRESSIVE;
				CLANG_CXX_LANGUAGE_STANDARD = "gnu++20";
				CLANG_ENABLE_MODULES = YES;
				CLANG_ENABLE_OBJC_ARC = YES;
				CLANG_ENABLE_OBJC_WEAK = YES;
				CLANG_WARN_BLOCK_CAPTURE_AUTORELEASING = YES;
				CLANG_WARN_BOOL_CONVERSION = YES;
				CLANG_WARN_COMMA = YES;
				CLANG_WARN_CONSTANT_CONVERSION = YES;
				CLANG_WARN_DEPRECATED_OBJC_IMPLEMENTATIONS = YES;
				CLANG_WARN_DIRECT_OBJC_ISA_USAGE = YES_ERROR;
				CLANG_WARN_DOCUMENTATION_COMMENTS = YES;
				CLANG_WARN_EMPTY_BODY = YES;
				CLANG_WARN_ENUM_CONVERSION = YES;
				CLANG_WARN_INFINITE_RECURSION = YES;
				CLANG_WARN_INT_CONVERSION = YES;
				CLANG_WARN_NON_LITERAL_NULL_CONVERSION = YES;
				CLANG_WARN_OBJC_IMPLICIT_RETAIN_SELF = YES;
				CLANG_WARN_OBJC_LITERAL_CONVERSION = YES;
				CLANG_WARN_OBJC_ROOT_CLASS = YES_ERROR;
				CLANG_WARN_QUOTED_INCLUDE_IN_FRAMEWORK_HEADER = YES;
				CLANG_WARN_RANGE_LOOP_ANALYSIS = YES;
				CLANG_WARN_STRICT_PROTOTYPES = YES;
				CLANG_WARN_SUSPICIOUS_MOVE = YES;
				CLANG_WARN_UNGUARDED_AVAILABILITY = YES_AGGRESSIVE;
				CLANG_WARN_UNREACHABLE_CODE = YES;
				CLANG_WARN__DUPLICATE_METHOD_MATCH = YES;
				COPY_PHASE_STRIP = NO;
				DEBUG_INFORMATION_FORMAT = "dwarf-with-dsym";
				ENABLE_NS_ASSERTIONS = NO;
				ENABLE_STRICT_OBJC_MSGSEND = YES;
				GCC_C_LANGUAGE_STANDARD = gnu11;
				GCC_NO_COMMON_BLOCKS = YES;
				GCC_WARN_64_TO_32_BIT_CONVERSION = YES;
				GCC_WARN_ABOUT_RETURN_TYPE = YES_ERROR;
				GCC_WARN_UNDECLARED_SELECTOR = YES;
				GCC_WARN_UNINITIALIZED_AUTOS = YES_AGGRESSIVE;
				GCC_WARN_UNUSED_FUNCTION = YES;
				GCC_WARN_UNUSED_VARIABLE = YES;
				IPHONEOS_DEPLOYMENT_TARGET = 16.2;
				MTL_ENABLE_DEBUG_INFO = NO;
				MTL_FAST_MATH = YES;
				SDKROOT = iphoneos;
				SWIFT_COMPILATION_MODE = wholemodule;
				SWIFT_OPTIMIZATION_LEVEL = "-O";
				VALIDATE_PRODUCT = YES;
			};
			name = Release;
		};
		E50B035029B1D286007B5E41 /* Debug */ = {
			isa = XCBuildConfiguration;
			buildSettings = {
				ASSETCATALOG_COMPILER_APPICON_NAME = AppIcon;
				ASSETCATALOG_COMPILER_GLOBAL_ACCENT_COLOR_NAME = AccentColor;
				CODE_SIGN_STYLE = Automatic;
				CURRENT_PROJECT_VERSION = 1;
				DEVELOPMENT_TEAM = X893KGQD89;
				GENERATE_INFOPLIST_FILE = YES;
				INFOPLIST_FILE = RequiredProperty/Info.plist;
				INFOPLIST_KEY_UIApplicationSupportsIndirectInputEvents = YES;
				INFOPLIST_KEY_UILaunchStoryboardName = LaunchScreen;
				INFOPLIST_KEY_UIMainStoryboardFile = Main;
				INFOPLIST_KEY_UISupportedInterfaceOrientations_iPad = "UIInterfaceOrientationPortrait UIInterfaceOrientationPortraitUpsideDown UIInterfaceOrientationLandscapeLeft UIInterfaceOrientationLandscapeRight";
				INFOPLIST_KEY_UISupportedInterfaceOrientations_iPhone = "UIInterfaceOrientationPortrait UIInterfaceOrientationLandscapeLeft UIInterfaceOrientationLandscapeRight";
				LD_RUNPATH_SEARCH_PATHS = (
					"$(inherited)",
					"@executable_path/Frameworks",
				);
				MARKETING_VERSION = 1.0;
				PRODUCT_BUNDLE_IDENTIFIER = stevenj.RequiredProperty;
				PRODUCT_NAME = "$(TARGET_NAME)";
				SWIFT_EMIT_LOC_STRINGS = YES;
				SWIFT_VERSION = 5.0;
				TARGETED_DEVICE_FAMILY = "1,2";
			};
			name = Debug;
		};
		E50B035129B1D286007B5E41 /* Release */ = {
			isa = XCBuildConfiguration;
			buildSettings = {
				ASSETCATALOG_COMPILER_APPICON_NAME = AppIcon;
				ASSETCATALOG_COMPILER_GLOBAL_ACCENT_COLOR_NAME = AccentColor;
				CODE_SIGN_STYLE = Automatic;
				CURRENT_PROJECT_VERSION = 1;
				DEVELOPMENT_TEAM = X893KGQD89;
				GENERATE_INFOPLIST_FILE = YES;
				INFOPLIST_FILE = RequiredProperty/Info.plist;
				INFOPLIST_KEY_UIApplicationSupportsIndirectInputEvents = YES;
				INFOPLIST_KEY_UILaunchStoryboardName = LaunchScreen;
				INFOPLIST_KEY_UIMainStoryboardFile = Main;
				INFOPLIST_KEY_UISupportedInterfaceOrientations_iPad = "UIInterfaceOrientationPortrait UIInterfaceOrientationPortraitUpsideDown UIInterfaceOrientationLandscapeLeft UIInterfaceOrientationLandscapeRight";
				INFOPLIST_KEY_UISupportedInterfaceOrientations_iPhone = "UIInterfaceOrientationPortrait UIInterfaceOrientationLandscapeLeft UIInterfaceOrientationLandscapeRight";
				LD_RUNPATH_SEARCH_PATHS = (
					"$(inherited)",
					"@executable_path/Frameworks",
				);
				MARKETING_VERSION = 1.0;
				PRODUCT_BUNDLE_IDENTIFIER = stevenj.RequiredProperty;
				PRODUCT_NAME = "$(TARGET_NAME)";
				SWIFT_EMIT_LOC_STRINGS = YES;
				SWIFT_VERSION = 5.0;
				TARGETED_DEVICE_FAMILY = "1,2";
			};
			name = Release;
		};
		E50B035329B1D286007B5E41 /* Debug */ = {
			isa = XCBuildConfiguration;
			buildSettings = {
				ALWAYS_EMBED_SWIFT_STANDARD_LIBRARIES = YES;
				BUNDLE_LOADER = "$(TEST_HOST)";
				CODE_SIGN_STYLE = Automatic;
				CURRENT_PROJECT_VERSION = 1;
				DEVELOPMENT_TEAM = X893KGQD89;
				GENERATE_INFOPLIST_FILE = YES;
				IPHONEOS_DEPLOYMENT_TARGET = 16.2;
				MARKETING_VERSION = 1.0;
				PRODUCT_BUNDLE_IDENTIFIER = stevenj.RequiredPropertyTests;
				PRODUCT_NAME = "$(TARGET_NAME)";
				SWIFT_EMIT_LOC_STRINGS = NO;
				SWIFT_VERSION = 5.0;
				TARGETED_DEVICE_FAMILY = "1,2";
				TEST_HOST = "$(BUILT_PRODUCTS_DIR)/RequiredProperty.app/$(BUNDLE_EXECUTABLE_FOLDER_PATH)/RequiredProperty";
			};
			name = Debug;
		};
		E50B035429B1D286007B5E41 /* Release */ = {
			isa = XCBuildConfiguration;
			buildSettings = {
				ALWAYS_EMBED_SWIFT_STANDARD_LIBRARIES = YES;
				BUNDLE_LOADER = "$(TEST_HOST)";
				CODE_SIGN_STYLE = Automatic;
				CURRENT_PROJECT_VERSION = 1;
				DEVELOPMENT_TEAM = X893KGQD89;
				GENERATE_INFOPLIST_FILE = YES;
				IPHONEOS_DEPLOYMENT_TARGET = 16.2;
				MARKETING_VERSION = 1.0;
				PRODUCT_BUNDLE_IDENTIFIER = stevenj.RequiredPropertyTests;
				PRODUCT_NAME = "$(TARGET_NAME)";
				SWIFT_EMIT_LOC_STRINGS = NO;
				SWIFT_VERSION = 5.0;
				TARGETED_DEVICE_FAMILY = "1,2";
				TEST_HOST = "$(BUILT_PRODUCTS_DIR)/RequiredProperty.app/$(BUNDLE_EXECUTABLE_FOLDER_PATH)/RequiredProperty";
			};
			name = Release;
		};
		E50B035629B1D286007B5E41 /* Debug */ = {
			isa = XCBuildConfiguration;
			buildSettings = {
				ALWAYS_EMBED_SWIFT_STANDARD_LIBRARIES = YES;
				CODE_SIGN_STYLE = Automatic;
				CURRENT_PROJECT_VERSION = 1;
				DEVELOPMENT_TEAM = X893KGQD89;
				GENERATE_INFOPLIST_FILE = YES;
				MARKETING_VERSION = 1.0;
				PRODUCT_BUNDLE_IDENTIFIER = stevenj.RequiredPropertyUITests;
				PRODUCT_NAME = "$(TARGET_NAME)";
				SWIFT_EMIT_LOC_STRINGS = NO;
				SWIFT_VERSION = 5.0;
				TARGETED_DEVICE_FAMILY = "1,2";
				TEST_TARGET_NAME = RequiredProperty;
			};
			name = Debug;
		};
		E50B035729B1D286007B5E41 /* Release */ = {
			isa = XCBuildConfiguration;
			buildSettings = {
				ALWAYS_EMBED_SWIFT_STANDARD_LIBRARIES = YES;
				CODE_SIGN_STYLE = Automatic;
				CURRENT_PROJECT_VERSION = 1;
				DEVELOPMENT_TEAM = X893KGQD89;
				GENERATE_INFOPLIST_FILE = YES;
				MARKETING_VERSION = 1.0;
				PRODUCT_BUNDLE_IDENTIFIER = stevenj.RequiredPropertyUITests;
				PRODUCT_NAME = "$(TARGET_NAME)";
				SWIFT_EMIT_LOC_STRINGS = NO;
				SWIFT_VERSION = 5.0;
				TARGETED_DEVICE_FAMILY = "1,2";
				TEST_TARGET_NAME = RequiredProperty;
			};
			name = Release;
		};
/* End XCBuildConfiguration section */

/* Begin XCConfigurationList section */
		E50B032029B1D285007B5E41 /* Build configuration list for PBXProject "RequiredProperty" */ = {
			isa = XCConfigurationList;
			buildConfigurations = (
				E50B034D29B1D286007B5E41 /* Debug */,
				E50B034E29B1D286007B5E41 /* Release */,
			);
			defaultConfigurationIsVisible = 0;
			defaultConfigurationName = Release;
		};
		E50B034F29B1D286007B5E41 /* Build configuration list for PBXNativeTarget "RequiredProperty" */ = {
			isa = XCConfigurationList;
			buildConfigurations = (
				E50B035029B1D286007B5E41 /* Debug */,
				E50B035129B1D286007B5E41 /* Release */,
			);
			defaultConfigurationIsVisible = 0;
			defaultConfigurationName = Release;
		};
		E50B035229B1D286007B5E41 /* Build configuration list for PBXNativeTarget "RequiredPropertyTests" */ = {
			isa = XCConfigurationList;
			buildConfigurations = (
				E50B035329B1D286007B5E41 /* Debug */,
				E50B035429B1D286007B5E41 /* Release */,
			);
			defaultConfigurationIsVisible = 0;
			defaultConfigurationName = Release;
		};
		E50B035529B1D286007B5E41 /* Build configuration list for PBXNativeTarget "RequiredPropertyUITests" */ = {
			isa = XCConfigurationList;
			buildConfigurations = (
				E50B035629B1D286007B5E41 /* Debug */,
				E50B035729B1D286007B5E41 /* Release */,
			);
			defaultConfigurationIsVisible = 0;
			defaultConfigurationName = Release;
		};
/* End XCConfigurationList section */
	};
	rootObject = E50B031D29B1D285007B5E41 /* Project object */;
}
